// !$*UTF8*$!
{
	archiveVersion = 1;
	classes = {
	};
	objectVersion = 56;
	objects = {

/* Begin PBXBuildFile section */
		0412C36529F9C65B0080EE38 /* TransactionsViewModelTests.swift in Sources */ = {isa = PBXBuildFile; fileRef = 0412C36429F9C65B0080EE38 /* TransactionsViewModelTests.swift */; };
		0412C36829F9C6CF0080EE38 /* TransactionsApiDataSourceMock.swift in Sources */ = {isa = PBXBuildFile; fileRef = 0412C36729F9C6CF0080EE38 /* TransactionsApiDataSourceMock.swift */; };
		0412C37029F9D8070080EE38 /* XCTestCaseExtension.swift in Sources */ = {isa = PBXBuildFile; fileRef = 0412C36F29F9D8070080EE38 /* XCTestCaseExtension.swift */; };
		043BC9C229FBC0B700ADCF09 /* DateExtension.swift in Sources */ = {isa = PBXBuildFile; fileRef = 043BC9C129FBC0B700ADCF09 /* DateExtension.swift */; };
		043BC9C429FBC6E900ADCF09 /* FloatExtension.swift in Sources */ = {isa = PBXBuildFile; fileRef = 043BC9C329FBC6E900ADCF09 /* FloatExtension.swift */; };
		043BC9C729FBCBE700ADCF09 /* LoadingView.swift in Sources */ = {isa = PBXBuildFile; fileRef = 043BC9C629FBCBE700ADCF09 /* LoadingView.swift */; };
		0458EB1429FCF2F900C31D9D /* Localizable.strings in Resources */ = {isa = PBXBuildFile; fileRef = 0458EB1629FCF2F900C31D9D /* Localizable.strings */; };
		049E665329F95ADA00D4D93C /* StringExtension.swift in Sources */ = {isa = PBXBuildFile; fileRef = 049E665229F95ADA00D4D93C /* StringExtension.swift */; };
		04D4479829FB0A4500BF12C4 /* ArrayExtension.swift in Sources */ = {isa = PBXBuildFile; fileRef = 04D4479729FB0A4500BF12C4 /* ArrayExtension.swift */; };
		04D4479B29FB2ADD00BF12C4 /* TransactionDetailView.swift in Sources */ = {isa = PBXBuildFile; fileRef = 04D4479A29FB2ADD00BF12C4 /* TransactionDetailView.swift */; };
		04D4479F29FB384C00BF12C4 /* AlertView.swift in Sources */ = {isa = PBXBuildFile; fileRef = 04D4479E29FB384C00BF12C4 /* AlertView.swift */; };
		04D447A329FB438600BF12C4 /* CategoryTagView.swift in Sources */ = {isa = PBXBuildFile; fileRef = 04D447A229FB438600BF12C4 /* CategoryTagView.swift */; };
		04DEDF4B29F87687009DFED2 /* PBTransactions.json in Resources */ = {isa = PBXBuildFile; fileRef = 04DEDF4A29F87687009DFED2 /* PBTransactions.json */; };
		04DEDF5129F87CC0009DFED2 /* TransactionsApiDataSource.swift in Sources */ = {isa = PBXBuildFile; fileRef = 04DEDF5029F87CC0009DFED2 /* TransactionsApiDataSource.swift */; };
		04DEDF5D29F880CC009DFED2 /* Transaction.swift in Sources */ = {isa = PBXBuildFile; fileRef = 04DEDF5C29F880CC009DFED2 /* Transaction.swift */; };
		04DEDF5F29F882B1009DFED2 /* TransactionResponse.swift in Sources */ = {isa = PBXBuildFile; fileRef = 04DEDF5E29F882B1009DFED2 /* TransactionResponse.swift */; };
		04DEDF6229F884F7009DFED2 /* BundleExtension.swift in Sources */ = {isa = PBXBuildFile; fileRef = 04DEDF6129F884F7009DFED2 /* BundleExtension.swift */; };
		04DEDF6529F88C33009DFED2 /* TransactionsViewModel.swift in Sources */ = {isa = PBXBuildFile; fileRef = 04DEDF6429F88C33009DFED2 /* TransactionsViewModel.swift */; };
		04FD136529F8758C00022FE5 /* WorldOfPAYBACKApp.swift in Sources */ = {isa = PBXBuildFile; fileRef = 04FD136429F8758C00022FE5 /* WorldOfPAYBACKApp.swift */; };
		04FD136929F8758D00022FE5 /* Assets.xcassets in Resources */ = {isa = PBXBuildFile; fileRef = 04FD136829F8758D00022FE5 /* Assets.xcassets */; };
		04FD136C29F8758D00022FE5 /* Preview Assets.xcassets in Resources */ = {isa = PBXBuildFile; fileRef = 04FD136B29F8758D00022FE5 /* Preview Assets.xcassets */; };
		04FD138029F8758D00022FE5 /* WorldOfPAYBACKUITests.swift in Sources */ = {isa = PBXBuildFile; fileRef = 04FD137F29F8758D00022FE5 /* WorldOfPAYBACKUITests.swift */; };
		04FD138229F8758D00022FE5 /* WorldOfPAYBACKUITestsLaunchTests.swift in Sources */ = {isa = PBXBuildFile; fileRef = 04FD138129F8758D00022FE5 /* WorldOfPAYBACKUITestsLaunchTests.swift */; };
		04FE1B8929F91FC300637239 /* NetworkError.swift in Sources */ = {isa = PBXBuildFile; fileRef = 04FE1B8829F91FC300637239 /* NetworkError.swift */; };
		04FE2A5A29FA5C2500BB8CA1 /* NetworkMonitor.swift in Sources */ = {isa = PBXBuildFile; fileRef = 04FE2A5929FA5C2500BB8CA1 /* NetworkMonitor.swift */; };
		04FE2A5C29FA5E4400BB8CA1 /* HomeView.swift in Sources */ = {isa = PBXBuildFile; fileRef = 04FE2A5B29FA5E4400BB8CA1 /* HomeView.swift */; };
/* End PBXBuildFile section */

/* Begin PBXContainerItemProxy section */
		04FD137229F8758D00022FE5 /* PBXContainerItemProxy */ = {
			isa = PBXContainerItemProxy;
			containerPortal = 04FD135929F8758C00022FE5 /* Project object */;
			proxyType = 1;
			remoteGlobalIDString = 04FD136029F8758C00022FE5;
			remoteInfo = WorldOfPAYBACK;
		};
		04FD137C29F8758D00022FE5 /* PBXContainerItemProxy */ = {
			isa = PBXContainerItemProxy;
			containerPortal = 04FD135929F8758C00022FE5 /* Project object */;
			proxyType = 1;
			remoteGlobalIDString = 04FD136029F8758C00022FE5;
			remoteInfo = WorldOfPAYBACK;
		};
/* End PBXContainerItemProxy section */

/* Begin PBXFileReference section */
		0412C36429F9C65B0080EE38 /* TransactionsViewModelTests.swift */ = {isa = PBXFileReference; lastKnownFileType = sourcecode.swift; path = TransactionsViewModelTests.swift; sourceTree = "<group>"; };
		0412C36729F9C6CF0080EE38 /* TransactionsApiDataSourceMock.swift */ = {isa = PBXFileReference; lastKnownFileType = sourcecode.swift; path = TransactionsApiDataSourceMock.swift; sourceTree = "<group>"; };
		0412C36F29F9D8070080EE38 /* XCTestCaseExtension.swift */ = {isa = PBXFileReference; lastKnownFileType = sourcecode.swift; path = XCTestCaseExtension.swift; sourceTree = "<group>"; };
		043BC9C129FBC0B700ADCF09 /* DateExtension.swift */ = {isa = PBXFileReference; lastKnownFileType = sourcecode.swift; path = DateExtension.swift; sourceTree = "<group>"; };
		043BC9C329FBC6E900ADCF09 /* FloatExtension.swift */ = {isa = PBXFileReference; lastKnownFileType = sourcecode.swift; path = FloatExtension.swift; sourceTree = "<group>"; };
		043BC9C629FBCBE700ADCF09 /* LoadingView.swift */ = {isa = PBXFileReference; lastKnownFileType = sourcecode.swift; path = LoadingView.swift; sourceTree = "<group>"; };
		0458EB1529FCF2F900C31D9D /* en */ = {isa = PBXFileReference; lastKnownFileType = text.plist.strings; name = en; path = en.lproj/Localizable.strings; sourceTree = "<group>"; };
		0458EB1729FCF31300C31D9D /* de */ = {isa = PBXFileReference; lastKnownFileType = text.plist.strings; name = de; path = de.lproj/Localizable.strings; sourceTree = "<group>"; };
		0483052529F93F2100BC3356 /* Info.plist */ = {isa = PBXFileReference; lastKnownFileType = text.plist; path = Info.plist; sourceTree = "<group>"; };
		049E665229F95ADA00D4D93C /* StringExtension.swift */ = {isa = PBXFileReference; lastKnownFileType = sourcecode.swift; path = StringExtension.swift; sourceTree = "<group>"; };
		04D4479729FB0A4500BF12C4 /* ArrayExtension.swift */ = {isa = PBXFileReference; lastKnownFileType = sourcecode.swift; path = ArrayExtension.swift; sourceTree = "<group>"; };
		04D4479A29FB2ADD00BF12C4 /* TransactionDetailView.swift */ = {isa = PBXFileReference; lastKnownFileType = sourcecode.swift; path = TransactionDetailView.swift; sourceTree = "<group>"; };
		04D4479E29FB384C00BF12C4 /* AlertView.swift */ = {isa = PBXFileReference; lastKnownFileType = sourcecode.swift; path = AlertView.swift; sourceTree = "<group>"; };
		04D447A229FB438600BF12C4 /* CategoryTagView.swift */ = {isa = PBXFileReference; lastKnownFileType = sourcecode.swift; path = CategoryTagView.swift; sourceTree = "<group>"; };
		04DEDF4A29F87687009DFED2 /* PBTransactions.json */ = {isa = PBXFileReference; fileEncoding = 4; lastKnownFileType = text.json; path = PBTransactions.json; sourceTree = "<group>"; };
		04DEDF5029F87CC0009DFED2 /* TransactionsApiDataSource.swift */ = {isa = PBXFileReference; lastKnownFileType = sourcecode.swift; path = TransactionsApiDataSource.swift; sourceTree = "<group>"; };
		04DEDF5C29F880CC009DFED2 /* Transaction.swift */ = {isa = PBXFileReference; lastKnownFileType = sourcecode.swift; path = Transaction.swift; sourceTree = "<group>"; };
		04DEDF5E29F882B1009DFED2 /* TransactionResponse.swift */ = {isa = PBXFileReference; lastKnownFileType = sourcecode.swift; path = TransactionResponse.swift; sourceTree = "<group>"; };
		04DEDF6129F884F7009DFED2 /* BundleExtension.swift */ = {isa = PBXFileReference; lastKnownFileType = sourcecode.swift; path = BundleExtension.swift; sourceTree = "<group>"; };
		04DEDF6429F88C33009DFED2 /* TransactionsViewModel.swift */ = {isa = PBXFileReference; lastKnownFileType = sourcecode.swift; path = TransactionsViewModel.swift; sourceTree = "<group>"; };
		04FD136129F8758C00022FE5 /* WorldOfPAYBACK.app */ = {isa = PBXFileReference; explicitFileType = wrapper.application; includeInIndex = 0; path = WorldOfPAYBACK.app; sourceTree = BUILT_PRODUCTS_DIR; };
		04FD136429F8758C00022FE5 /* WorldOfPAYBACKApp.swift */ = {isa = PBXFileReference; lastKnownFileType = sourcecode.swift; path = WorldOfPAYBACKApp.swift; sourceTree = "<group>"; };
		04FD136829F8758D00022FE5 /* Assets.xcassets */ = {isa = PBXFileReference; lastKnownFileType = folder.assetcatalog; path = Assets.xcassets; sourceTree = "<group>"; };
		04FD136B29F8758D00022FE5 /* Preview Assets.xcassets */ = {isa = PBXFileReference; lastKnownFileType = folder.assetcatalog; path = "Preview Assets.xcassets"; sourceTree = "<group>"; };
		04FD137129F8758D00022FE5 /* WorldOfPAYBACKTests.xctest */ = {isa = PBXFileReference; explicitFileType = wrapper.cfbundle; includeInIndex = 0; path = WorldOfPAYBACKTests.xctest; sourceTree = BUILT_PRODUCTS_DIR; };
		04FD137B29F8758D00022FE5 /* WorldOfPAYBACKUITests.xctest */ = {isa = PBXFileReference; explicitFileType = wrapper.cfbundle; includeInIndex = 0; path = WorldOfPAYBACKUITests.xctest; sourceTree = BUILT_PRODUCTS_DIR; };
		04FD137F29F8758D00022FE5 /* WorldOfPAYBACKUITests.swift */ = {isa = PBXFileReference; lastKnownFileType = sourcecode.swift; path = WorldOfPAYBACKUITests.swift; sourceTree = "<group>"; };
		04FD138129F8758D00022FE5 /* WorldOfPAYBACKUITestsLaunchTests.swift */ = {isa = PBXFileReference; lastKnownFileType = sourcecode.swift; path = WorldOfPAYBACKUITestsLaunchTests.swift; sourceTree = "<group>"; };
		04FE1B8829F91FC300637239 /* NetworkError.swift */ = {isa = PBXFileReference; lastKnownFileType = sourcecode.swift; path = NetworkError.swift; sourceTree = "<group>"; };
		04FE2A5929FA5C2500BB8CA1 /* NetworkMonitor.swift */ = {isa = PBXFileReference; lastKnownFileType = sourcecode.swift; path = NetworkMonitor.swift; sourceTree = "<group>"; };
		04FE2A5B29FA5E4400BB8CA1 /* HomeView.swift */ = {isa = PBXFileReference; lastKnownFileType = sourcecode.swift; path = HomeView.swift; sourceTree = "<group>"; };
/* End PBXFileReference section */

/* Begin PBXFrameworksBuildPhase section */
		04FD135E29F8758C00022FE5 /* Frameworks */ = {
			isa = PBXFrameworksBuildPhase;
			buildActionMask = 2147483647;
			files = (
			);
			runOnlyForDeploymentPostprocessing = 0;
		};
		04FD136E29F8758D00022FE5 /* Frameworks */ = {
			isa = PBXFrameworksBuildPhase;
			buildActionMask = 2147483647;
			files = (
			);
			runOnlyForDeploymentPostprocessing = 0;
		};
		04FD137829F8758D00022FE5 /* Frameworks */ = {
			isa = PBXFrameworksBuildPhase;
			buildActionMask = 2147483647;
			files = (
			);
			runOnlyForDeploymentPostprocessing = 0;
		};
/* End PBXFrameworksBuildPhase section */

/* Begin PBXGroup section */
		0412C36629F9C6C10080EE38 /* Mock */ = {
			isa = PBXGroup;
			children = (
				0412C36729F9C6CF0080EE38 /* TransactionsApiDataSourceMock.swift */,
			);
			path = Mock;
			sourceTree = "<group>";
		};
		0412C36E29F9D7F80080EE38 /* Extensions */ = {
			isa = PBXGroup;
			children = (
				0412C36F29F9D8070080EE38 /* XCTestCaseExtension.swift */,
			);
			path = Extensions;
			sourceTree = "<group>";
		};
		043BC9C529FBCBBA00ADCF09 /* LoadingView */ = {
			isa = PBXGroup;
			children = (
				043BC9C629FBCBE700ADCF09 /* LoadingView.swift */,
			);
			path = LoadingView;
			sourceTree = "<group>";
		};
		04D4479929FB2AD000BF12C4 /* TransactionDetail */ = {
			isa = PBXGroup;
			children = (
				04D4479A29FB2ADD00BF12C4 /* TransactionDetailView.swift */,
			);
			path = TransactionDetail;
			sourceTree = "<group>";
		};
		04D4479D29FB384400BF12C4 /* AlertView */ = {
			isa = PBXGroup;
			children = (
				04D4479E29FB384C00BF12C4 /* AlertView.swift */,
			);
			path = AlertView;
			sourceTree = "<group>";
		};
		04D447A029FB434500BF12C4 /* ReusableViews */ = {
			isa = PBXGroup;
			children = (
				043BC9C529FBCBBA00ADCF09 /* LoadingView */,
				04D447A129FB435E00BF12C4 /* CategoryTag */,
				04D4479D29FB384400BF12C4 /* AlertView */,
			);
			path = ReusableViews;
			sourceTree = "<group>";
		};
		04D447A129FB435E00BF12C4 /* CategoryTag */ = {
			isa = PBXGroup;
			children = (
				04D447A229FB438600BF12C4 /* CategoryTagView.swift */,
			);
			path = CategoryTag;
			sourceTree = "<group>";
		};
		04DEDF4929F8766C009DFED2 /* MockedData */ = {
			isa = PBXGroup;
			children = (
				04DEDF4A29F87687009DFED2 /* PBTransactions.json */,
			);
			path = MockedData;
			sourceTree = "<group>";
		};
		04DEDF4E29F87C6F009DFED2 /* ApiDataSource */ = {
			isa = PBXGroup;
			children = (
				04DEDF4F29F87C8F009DFED2 /* transactions */,
				04FE1B8829F91FC300637239 /* NetworkError.swift */,
			);
			path = ApiDataSource;
			sourceTree = "<group>";
		};
		04DEDF4F29F87C8F009DFED2 /* transactions */ = {
			isa = PBXGroup;
			children = (
				04DEDF5029F87CC0009DFED2 /* TransactionsApiDataSource.swift */,
			);
			path = transactions;
			sourceTree = "<group>";
		};
		04DEDF5429F87F8F009DFED2 /* Model */ = {
			isa = PBXGroup;
			children = (
				04DEDF5929F88060009DFED2 /* transaction */,
			);
			path = Model;
			sourceTree = "<group>";
		};
		04DEDF5929F88060009DFED2 /* transaction */ = {
			isa = PBXGroup;
			children = (
				04DEDF5E29F882B1009DFED2 /* TransactionResponse.swift */,
				04DEDF5C29F880CC009DFED2 /* Transaction.swift */,
			);
			path = transaction;
			sourceTree = "<group>";
		};
		04DEDF6029F884EC009DFED2 /* Extensions */ = {
			isa = PBXGroup;
			children = (
				04DEDF6129F884F7009DFED2 /* BundleExtension.swift */,
				049E665229F95ADA00D4D93C /* StringExtension.swift */,
				04D4479729FB0A4500BF12C4 /* ArrayExtension.swift */,
				043BC9C129FBC0B700ADCF09 /* DateExtension.swift */,
				043BC9C329FBC6E900ADCF09 /* FloatExtension.swift */,
			);
			path = Extensions;
			sourceTree = "<group>";
		};
		04FD135829F8758C00022FE5 = {
			isa = PBXGroup;
			children = (
				04FD136329F8758C00022FE5 /* WorldOfPAYBACK */,
				04FD137429F8758D00022FE5 /* WorldOfPAYBACKTests */,
				04FD137E29F8758D00022FE5 /* WorldOfPAYBACKUITests */,
				04FD136229F8758C00022FE5 /* Products */,
			);
			sourceTree = "<group>";
		};
		04FD136229F8758C00022FE5 /* Products */ = {
			isa = PBXGroup;
			children = (
				04FD136129F8758C00022FE5 /* WorldOfPAYBACK.app */,
				04FD137129F8758D00022FE5 /* WorldOfPAYBACKTests.xctest */,
				04FD137B29F8758D00022FE5 /* WorldOfPAYBACKUITests.xctest */,
			);
			name = Products;
			sourceTree = "<group>";
		};
		04FD136329F8758C00022FE5 /* WorldOfPAYBACK */ = {
			isa = PBXGroup;
			children = (
				0483052529F93F2100BC3356 /* Info.plist */,
				04FE1B8429F91F2E00637239 /* Application */,
				04DEDF5429F87F8F009DFED2 /* Model */,
				04FE1B8729F91F5600637239 /* Service */,
				04DEDF6029F884EC009DFED2 /* Extensions */,
				04FD136829F8758D00022FE5 /* Assets.xcassets */,
				04FD136A29F8758D00022FE5 /* Preview Content */,
				0458EB1629FCF2F900C31D9D /* Localizable.strings */,
			);
			path = WorldOfPAYBACK;
			sourceTree = "<group>";
		};
		04FD136A29F8758D00022FE5 /* Preview Content */ = {
			isa = PBXGroup;
			children = (
				04FD136B29F8758D00022FE5 /* Preview Assets.xcassets */,
			);
			path = "Preview Content";
			sourceTree = "<group>";
		};
		04FD137429F8758D00022FE5 /* WorldOfPAYBACKTests */ = {
			isa = PBXGroup;
			children = (
				0412C36E29F9D7F80080EE38 /* Extensions */,
				0412C36629F9C6C10080EE38 /* Mock */,
				0412C36429F9C65B0080EE38 /* TransactionsViewModelTests.swift */,
			);
			path = WorldOfPAYBACKTests;
			sourceTree = "<group>";
		};
		04FD137E29F8758D00022FE5 /* WorldOfPAYBACKUITests */ = {
			isa = PBXGroup;
			children = (
				04FD137F29F8758D00022FE5 /* WorldOfPAYBACKUITests.swift */,
				04FD138129F8758D00022FE5 /* WorldOfPAYBACKUITestsLaunchTests.swift */,
			);
			path = WorldOfPAYBACKUITests;
			sourceTree = "<group>";
		};
		04FE1B8429F91F2E00637239 /* Application */ = {
			isa = PBXGroup;
			children = (
				04FD136429F8758C00022FE5 /* WorldOfPAYBACKApp.swift */,
				04FE1B8529F91F3700637239 /* Modules */,
			);
			path = Application;
			sourceTree = "<group>";
		};
		04FE1B8529F91F3700637239 /* Modules */ = {
			isa = PBXGroup;
			children = (
				04D447A029FB434500BF12C4 /* ReusableViews */,
				04D4479929FB2AD000BF12C4 /* TransactionDetail */,
				04FE1B8629F91F4200637239 /* Home */,
			);
			path = Modules;
			sourceTree = "<group>";
		};
		04FE1B8629F91F4200637239 /* Home */ = {
			isa = PBXGroup;
			children = (
				04DEDF6429F88C33009DFED2 /* TransactionsViewModel.swift */,
				04FE2A5B29FA5E4400BB8CA1 /* HomeView.swift */,
			);
			path = Home;
			sourceTree = "<group>";
		};
		04FE1B8729F91F5600637239 /* Service */ = {
			isa = PBXGroup;
			children = (
				04DEDF4929F8766C009DFED2 /* MockedData */,
				04DEDF4E29F87C6F009DFED2 /* ApiDataSource */,
				04FE2A5929FA5C2500BB8CA1 /* NetworkMonitor.swift */,
			);
			path = Service;
			sourceTree = "<group>";
		};
/* End PBXGroup section */

/* Begin PBXNativeTarget section */
		04FD136029F8758C00022FE5 /* WorldOfPAYBACK */ = {
			isa = PBXNativeTarget;
			buildConfigurationList = 04FD138529F8758D00022FE5 /* Build configuration list for PBXNativeTarget "WorldOfPAYBACK" */;
			buildPhases = (
				04FD135D29F8758C00022FE5 /* Sources */,
				04FD135E29F8758C00022FE5 /* Frameworks */,
				04FD135F29F8758C00022FE5 /* Resources */,
			);
			buildRules = (
			);
			dependencies = (
			);
			name = WorldOfPAYBACK;
			productName = WorldOfPAYBACK;
			productReference = 04FD136129F8758C00022FE5 /* WorldOfPAYBACK.app */;
			productType = "com.apple.product-type.application";
		};
		04FD137029F8758D00022FE5 /* WorldOfPAYBACKTests */ = {
			isa = PBXNativeTarget;
			buildConfigurationList = 04FD138829F8758D00022FE5 /* Build configuration list for PBXNativeTarget "WorldOfPAYBACKTests" */;
			buildPhases = (
				04FD136D29F8758D00022FE5 /* Sources */,
				04FD136E29F8758D00022FE5 /* Frameworks */,
				04FD136F29F8758D00022FE5 /* Resources */,
			);
			buildRules = (
			);
			dependencies = (
				04FD137329F8758D00022FE5 /* PBXTargetDependency */,
			);
			name = WorldOfPAYBACKTests;
			productName = WorldOfPAYBACKTests;
			productReference = 04FD137129F8758D00022FE5 /* WorldOfPAYBACKTests.xctest */;
			productType = "com.apple.product-type.bundle.unit-test";
		};
		04FD137A29F8758D00022FE5 /* WorldOfPAYBACKUITests */ = {
			isa = PBXNativeTarget;
			buildConfigurationList = 04FD138B29F8758D00022FE5 /* Build configuration list for PBXNativeTarget "WorldOfPAYBACKUITests" */;
			buildPhases = (
				04FD137729F8758D00022FE5 /* Sources */,
				04FD137829F8758D00022FE5 /* Frameworks */,
				04FD137929F8758D00022FE5 /* Resources */,
			);
			buildRules = (
			);
			dependencies = (
				04FD137D29F8758D00022FE5 /* PBXTargetDependency */,
			);
			name = WorldOfPAYBACKUITests;
			productName = WorldOfPAYBACKUITests;
			productReference = 04FD137B29F8758D00022FE5 /* WorldOfPAYBACKUITests.xctest */;
			productType = "com.apple.product-type.bundle.ui-testing";
		};
/* End PBXNativeTarget section */

/* Begin PBXProject section */
		04FD135929F8758C00022FE5 /* Project object */ = {
			isa = PBXProject;
			attributes = {
				BuildIndependentTargetsInParallel = 1;
				LastSwiftUpdateCheck = 1430;
				LastUpgradeCheck = 1430;
				TargetAttributes = {
					04FD136029F8758C00022FE5 = {
						CreatedOnToolsVersion = 14.3;
					};
					04FD137029F8758D00022FE5 = {
						CreatedOnToolsVersion = 14.3;
						TestTargetID = 04FD136029F8758C00022FE5;
					};
					04FD137A29F8758D00022FE5 = {
						CreatedOnToolsVersion = 14.3;
						TestTargetID = 04FD136029F8758C00022FE5;
					};
				};
			};
			buildConfigurationList = 04FD135C29F8758C00022FE5 /* Build configuration list for PBXProject "WorldOfPAYBACK" */;
			compatibilityVersion = "Xcode 14.0";
			developmentRegion = en;
			hasScannedForEncodings = 0;
			knownRegions = (
				en,
				Base,
				de,
			);
			mainGroup = 04FD135829F8758C00022FE5;
			productRefGroup = 04FD136229F8758C00022FE5 /* Products */;
			projectDirPath = "";
			projectRoot = "";
			targets = (
				04FD136029F8758C00022FE5 /* WorldOfPAYBACK */,
				04FD137029F8758D00022FE5 /* WorldOfPAYBACKTests */,
				04FD137A29F8758D00022FE5 /* WorldOfPAYBACKUITests */,
			);
		};
/* End PBXProject section */

/* Begin PBXResourcesBuildPhase section */
		04FD135F29F8758C00022FE5 /* Resources */ = {
			isa = PBXResourcesBuildPhase;
			buildActionMask = 2147483647;
			files = (
				04FD136C29F8758D00022FE5 /* Preview Assets.xcassets in Resources */,
				0458EB1429FCF2F900C31D9D /* Localizable.strings in Resources */,
				04DEDF4B29F87687009DFED2 /* PBTransactions.json in Resources */,
				04FD136929F8758D00022FE5 /* Assets.xcassets in Resources */,
			);
			runOnlyForDeploymentPostprocessing = 0;
		};
		04FD136F29F8758D00022FE5 /* Resources */ = {
			isa = PBXResourcesBuildPhase;
			buildActionMask = 2147483647;
			files = (
			);
			runOnlyForDeploymentPostprocessing = 0;
		};
		04FD137929F8758D00022FE5 /* Resources */ = {
			isa = PBXResourcesBuildPhase;
			buildActionMask = 2147483647;
			files = (
			);
			runOnlyForDeploymentPostprocessing = 0;
		};
/* End PBXResourcesBuildPhase section */

/* Begin PBXSourcesBuildPhase section */
		04FD135D29F8758C00022FE5 /* Sources */ = {
			isa = PBXSourcesBuildPhase;
			buildActionMask = 2147483647;
			files = (
				04DEDF5D29F880CC009DFED2 /* Transaction.swift in Sources */,
				043BC9C429FBC6E900ADCF09 /* FloatExtension.swift in Sources */,
				04FE1B8929F91FC300637239 /* NetworkError.swift in Sources */,
				04DEDF6529F88C33009DFED2 /* TransactionsViewModel.swift in Sources */,
				04DEDF5F29F882B1009DFED2 /* TransactionResponse.swift in Sources */,
				04DEDF6229F884F7009DFED2 /* BundleExtension.swift in Sources */,
				04D4479F29FB384C00BF12C4 /* AlertView.swift in Sources */,
				04FE2A5C29FA5E4400BB8CA1 /* HomeView.swift in Sources */,
				049E665329F95ADA00D4D93C /* StringExtension.swift in Sources */,
				043BC9C229FBC0B700ADCF09 /* DateExtension.swift in Sources */,
				04FE2A5A29FA5C2500BB8CA1 /* NetworkMonitor.swift in Sources */,
				04D447A329FB438600BF12C4 /* CategoryTagView.swift in Sources */,
				04D4479B29FB2ADD00BF12C4 /* TransactionDetailView.swift in Sources */,
				04DEDF5129F87CC0009DFED2 /* TransactionsApiDataSource.swift in Sources */,
				04FD136529F8758C00022FE5 /* WorldOfPAYBACKApp.swift in Sources */,
				04D4479829FB0A4500BF12C4 /* ArrayExtension.swift in Sources */,
				043BC9C729FBCBE700ADCF09 /* LoadingView.swift in Sources */,
			);
			runOnlyForDeploymentPostprocessing = 0;
		};
		04FD136D29F8758D00022FE5 /* Sources */ = {
			isa = PBXSourcesBuildPhase;
			buildActionMask = 2147483647;
			files = (
				0412C36529F9C65B0080EE38 /* TransactionsViewModelTests.swift in Sources */,
				0412C36829F9C6CF0080EE38 /* TransactionsApiDataSourceMock.swift in Sources */,
				0412C37029F9D8070080EE38 /* XCTestCaseExtension.swift in Sources */,
			);
			runOnlyForDeploymentPostprocessing = 0;
		};
		04FD137729F8758D00022FE5 /* Sources */ = {
			isa = PBXSourcesBuildPhase;
			buildActionMask = 2147483647;
			files = (
				04FD138229F8758D00022FE5 /* WorldOfPAYBACKUITestsLaunchTests.swift in Sources */,
				04FD138029F8758D00022FE5 /* WorldOfPAYBACKUITests.swift in Sources */,
			);
			runOnlyForDeploymentPostprocessing = 0;
		};
/* End PBXSourcesBuildPhase section */

/* Begin PBXTargetDependency section */
		04FD137329F8758D00022FE5 /* PBXTargetDependency */ = {
			isa = PBXTargetDependency;
			target = 04FD136029F8758C00022FE5 /* WorldOfPAYBACK */;
			targetProxy = 04FD137229F8758D00022FE5 /* PBXContainerItemProxy */;
		};
		04FD137D29F8758D00022FE5 /* PBXTargetDependency */ = {
			isa = PBXTargetDependency;
			target = 04FD136029F8758C00022FE5 /* WorldOfPAYBACK */;
			targetProxy = 04FD137C29F8758D00022FE5 /* PBXContainerItemProxy */;
		};
/* End PBXTargetDependency section */

/* Begin PBXVariantGroup section */
		0458EB1629FCF2F900C31D9D /* Localizable.strings */ = {
			isa = PBXVariantGroup;
			children = (
				0458EB1529FCF2F900C31D9D /* en */,
				0458EB1729FCF31300C31D9D /* de */,
			);
			name = Localizable.strings;
			sourceTree = "<group>";
		};
/* End PBXVariantGroup section */

/* Begin XCBuildConfiguration section */
		0483051F29F93C8C00BC3356 /* Dev */ = {
			isa = XCBuildConfiguration;
			buildSettings = {
				ALWAYS_SEARCH_USER_PATHS = NO;
				CLANG_ANALYZER_NONNULL = YES;
				CLANG_ANALYZER_NUMBER_OBJECT_CONVERSION = YES_AGGRESSIVE;
				CLANG_CXX_LANGUAGE_STANDARD = "gnu++20";
				CLANG_ENABLE_MODULES = YES;
				CLANG_ENABLE_OBJC_ARC = YES;
				CLANG_ENABLE_OBJC_WEAK = YES;
				CLANG_WARN_BLOCK_CAPTURE_AUTORELEASING = YES;
				CLANG_WARN_BOOL_CONVERSION = YES;
				CLANG_WARN_COMMA = YES;
				CLANG_WARN_CONSTANT_CONVERSION = YES;
				CLANG_WARN_DEPRECATED_OBJC_IMPLEMENTATIONS = YES;
				CLANG_WARN_DIRECT_OBJC_ISA_USAGE = YES_ERROR;
				CLANG_WARN_DOCUMENTATION_COMMENTS = YES;
				CLANG_WARN_EMPTY_BODY = YES;
				CLANG_WARN_ENUM_CONVERSION = YES;
				CLANG_WARN_INFINITE_RECURSION = YES;
				CLANG_WARN_INT_CONVERSION = YES;
				CLANG_WARN_NON_LITERAL_NULL_CONVERSION = YES;
				CLANG_WARN_OBJC_IMPLICIT_RETAIN_SELF = YES;
				CLANG_WARN_OBJC_LITERAL_CONVERSION = YES;
				CLANG_WARN_OBJC_ROOT_CLASS = YES_ERROR;
				CLANG_WARN_QUOTED_INCLUDE_IN_FRAMEWORK_HEADER = YES;
				CLANG_WARN_RANGE_LOOP_ANALYSIS = YES;
				CLANG_WARN_STRICT_PROTOTYPES = YES;
				CLANG_WARN_SUSPICIOUS_MOVE = YES;
				CLANG_WARN_UNGUARDED_AVAILABILITY = YES_AGGRESSIVE;
				CLANG_WARN_UNREACHABLE_CODE = YES;
				CLANG_WARN__DUPLICATE_METHOD_MATCH = YES;
				COPY_PHASE_STRIP = NO;
				DEBUG_INFORMATION_FORMAT = dwarf;
				ENABLE_STRICT_OBJC_MSGSEND = YES;
				ENABLE_TESTABILITY = YES;
				GCC_C_LANGUAGE_STANDARD = gnu11;
				GCC_DYNAMIC_NO_PIC = NO;
				GCC_NO_COMMON_BLOCKS = YES;
				GCC_OPTIMIZATION_LEVEL = 0;
				GCC_PREPROCESSOR_DEFINITIONS = (
					"DEBUG=1",
					"$(inherited)",
				);
				GCC_WARN_64_TO_32_BIT_CONVERSION = YES;
				GCC_WARN_ABOUT_RETURN_TYPE = YES_ERROR;
				GCC_WARN_UNDECLARED_SELECTOR = YES;
				GCC_WARN_UNINITIALIZED_AUTOS = YES_AGGRESSIVE;
				GCC_WARN_UNUSED_FUNCTION = YES;
				GCC_WARN_UNUSED_VARIABLE = YES;
				IPHONEOS_DEPLOYMENT_TARGET = 16.4;
				MTL_ENABLE_DEBUG_INFO = INCLUDE_SOURCE;
				MTL_FAST_MATH = YES;
				ONLY_ACTIVE_ARCH = YES;
				SDKROOT = iphoneos;
				SWIFT_ACTIVE_COMPILATION_CONDITIONS = DEBUG;
				SWIFT_OPTIMIZATION_LEVEL = "-Onone";
			};
			name = Dev;
		};
		0483052029F93C8C00BC3356 /* Dev */ = {
			isa = XCBuildConfiguration;
			buildSettings = {
				ASSETCATALOG_COMPILER_APPICON_NAME = "AppIcon-dev";
				ASSETCATALOG_COMPILER_GLOBAL_ACCENT_COLOR_NAME = AccentColor;
				CODE_SIGN_STYLE = Manual;
				CURRENT_PROJECT_VERSION = 1;
				DEVELOPMENT_ASSET_PATHS = "\"WorldOfPAYBACK/Preview Content\"";
				DEVELOPMENT_TEAM = "";
				ENABLE_PREVIEWS = YES;
				GENERATE_INFOPLIST_FILE = YES;
				INFOPLIST_FILE = WorldOfPAYBACK/Info.plist;
				INFOPLIST_KEY_UIApplicationSceneManifest_Generation = YES;
				INFOPLIST_KEY_UIApplicationSupportsIndirectInputEvents = YES;
				INFOPLIST_KEY_UILaunchScreen_Generation = YES;
				INFOPLIST_KEY_UISupportedInterfaceOrientations_iPad = "UIInterfaceOrientationPortrait UIInterfaceOrientationPortraitUpsideDown UIInterfaceOrientationLandscapeLeft UIInterfaceOrientationLandscapeRight";
				INFOPLIST_KEY_UISupportedInterfaceOrientations_iPhone = "UIInterfaceOrientationPortrait UIInterfaceOrientationLandscapeLeft UIInterfaceOrientationLandscapeRight";
				IPHONEOS_DEPLOYMENT_TARGET = 15.0;
				LD_RUNPATH_SEARCH_PATHS = (
					"$(inherited)",
					"@executable_path/Frameworks",
				);
				MARKETING_VERSION = 1.0;
				PRODUCT_BUNDLE_IDENTIFIER = com.gabe.WorldOfPAYBACK.dev;
				PRODUCT_NAME = "$(TARGET_NAME)";
				PROVISIONING_PROFILE_SPECIFIER = "";
				SERVER_URL = "https://api-test.payback.com";
				SWIFT_EMIT_LOC_STRINGS = YES;
				SWIFT_VERSION = 5.0;
				TARGETED_DEVICE_FAMILY = "1,2";
			};
			name = Dev;
		};
		0483052129F93C8C00BC3356 /* Dev */ = {
			isa = XCBuildConfiguration;
			buildSettings = {
				ALWAYS_EMBED_SWIFT_STANDARD_LIBRARIES = YES;
				BUNDLE_LOADER = "$(TEST_HOST)";
				CODE_SIGN_STYLE = Automatic;
				CURRENT_PROJECT_VERSION = 1;
				GENERATE_INFOPLIST_FILE = YES;
				IPHONEOS_DEPLOYMENT_TARGET = 16.4;
				MARKETING_VERSION = 1.0;
				PRODUCT_BUNDLE_IDENTIFIER = com.gabe.WorldOfPAYBACKTests;
				PRODUCT_NAME = "$(TARGET_NAME)";
				SWIFT_EMIT_LOC_STRINGS = NO;
				SWIFT_VERSION = 5.0;
				TARGETED_DEVICE_FAMILY = "1,2";
				TEST_HOST = "$(BUILT_PRODUCTS_DIR)/WorldOfPAYBACK.app/$(BUNDLE_EXECUTABLE_FOLDER_PATH)/WorldOfPAYBACK";
			};
			name = Dev;
		};
		0483052229F93C8C00BC3356 /* Dev */ = {
			isa = XCBuildConfiguration;
			buildSettings = {
				ALWAYS_EMBED_SWIFT_STANDARD_LIBRARIES = YES;
				CODE_SIGN_STYLE = Automatic;
				CURRENT_PROJECT_VERSION = 1;
				GENERATE_INFOPLIST_FILE = YES;
				MARKETING_VERSION = 1.0;
				PRODUCT_BUNDLE_IDENTIFIER = com.gabe.WorldOfPAYBACKUITests;
				PRODUCT_NAME = "$(TARGET_NAME)";
				SWIFT_EMIT_LOC_STRINGS = NO;
				SWIFT_VERSION = 5.0;
				TARGETED_DEVICE_FAMILY = "1,2";
				TEST_TARGET_NAME = WorldOfPAYBACK;
			};
			name = Dev;
		};
		04FD138329F8758D00022FE5 /* Debug */ = {
			isa = XCBuildConfiguration;
			buildSettings = {
				ALWAYS_SEARCH_USER_PATHS = NO;
				CLANG_ANALYZER_NONNULL = YES;
				CLANG_ANALYZER_NUMBER_OBJECT_CONVERSION = YES_AGGRESSIVE;
				CLANG_CXX_LANGUAGE_STANDARD = "gnu++20";
				CLANG_ENABLE_MODULES = YES;
				CLANG_ENABLE_OBJC_ARC = YES;
				CLANG_ENABLE_OBJC_WEAK = YES;
				CLANG_WARN_BLOCK_CAPTURE_AUTORELEASING = YES;
				CLANG_WARN_BOOL_CONVERSION = YES;
				CLANG_WARN_COMMA = YES;
				CLANG_WARN_CONSTANT_CONVERSION = YES;
				CLANG_WARN_DEPRECATED_OBJC_IMPLEMENTATIONS = YES;
				CLANG_WARN_DIRECT_OBJC_ISA_USAGE = YES_ERROR;
				CLANG_WARN_DOCUMENTATION_COMMENTS = YES;
				CLANG_WARN_EMPTY_BODY = YES;
				CLANG_WARN_ENUM_CONVERSION = YES;
				CLANG_WARN_INFINITE_RECURSION = YES;
				CLANG_WARN_INT_CONVERSION = YES;
				CLANG_WARN_NON_LITERAL_NULL_CONVERSION = YES;
				CLANG_WARN_OBJC_IMPLICIT_RETAIN_SELF = YES;
				CLANG_WARN_OBJC_LITERAL_CONVERSION = YES;
				CLANG_WARN_OBJC_ROOT_CLASS = YES_ERROR;
				CLANG_WARN_QUOTED_INCLUDE_IN_FRAMEWORK_HEADER = YES;
				CLANG_WARN_RANGE_LOOP_ANALYSIS = YES;
				CLANG_WARN_STRICT_PROTOTYPES = YES;
				CLANG_WARN_SUSPICIOUS_MOVE = YES;
				CLANG_WARN_UNGUARDED_AVAILABILITY = YES_AGGRESSIVE;
				CLANG_WARN_UNREACHABLE_CODE = YES;
				CLANG_WARN__DUPLICATE_METHOD_MATCH = YES;
				COPY_PHASE_STRIP = NO;
				DEBUG_INFORMATION_FORMAT = dwarf;
				ENABLE_STRICT_OBJC_MSGSEND = YES;
				ENABLE_TESTABILITY = YES;
				GCC_C_LANGUAGE_STANDARD = gnu11;
				GCC_DYNAMIC_NO_PIC = NO;
				GCC_NO_COMMON_BLOCKS = YES;
				GCC_OPTIMIZATION_LEVEL = 0;
				GCC_PREPROCESSOR_DEFINITIONS = (
					"DEBUG=1",
					"$(inherited)",
				);
				GCC_WARN_64_TO_32_BIT_CONVERSION = YES;
				GCC_WARN_ABOUT_RETURN_TYPE = YES_ERROR;
				GCC_WARN_UNDECLARED_SELECTOR = YES;
				GCC_WARN_UNINITIALIZED_AUTOS = YES_AGGRESSIVE;
				GCC_WARN_UNUSED_FUNCTION = YES;
				GCC_WARN_UNUSED_VARIABLE = YES;
				IPHONEOS_DEPLOYMENT_TARGET = 16.4;
				MTL_ENABLE_DEBUG_INFO = INCLUDE_SOURCE;
				MTL_FAST_MATH = YES;
				ONLY_ACTIVE_ARCH = YES;
				SDKROOT = iphoneos;
				SWIFT_ACTIVE_COMPILATION_CONDITIONS = DEBUG;
				SWIFT_OPTIMIZATION_LEVEL = "-Onone";
			};
			name = Debug;
		};
		04FD138429F8758D00022FE5 /* Release */ = {
			isa = XCBuildConfiguration;
			buildSettings = {
				ALWAYS_SEARCH_USER_PATHS = NO;
				CLANG_ANALYZER_NONNULL = YES;
				CLANG_ANALYZER_NUMBER_OBJECT_CONVERSION = YES_AGGRESSIVE;
				CLANG_CXX_LANGUAGE_STANDARD = "gnu++20";
				CLANG_ENABLE_MODULES = YES;
				CLANG_ENABLE_OBJC_ARC = YES;
				CLANG_ENABLE_OBJC_WEAK = YES;
				CLANG_WARN_BLOCK_CAPTURE_AUTORELEASING = YES;
				CLANG_WARN_BOOL_CONVERSION = YES;
				CLANG_WARN_COMMA = YES;
				CLANG_WARN_CONSTANT_CONVERSION = YES;
				CLANG_WARN_DEPRECATED_OBJC_IMPLEMENTATIONS = YES;
				CLANG_WARN_DIRECT_OBJC_ISA_USAGE = YES_ERROR;
				CLANG_WARN_DOCUMENTATION_COMMENTS = YES;
				CLANG_WARN_EMPTY_BODY = YES;
				CLANG_WARN_ENUM_CONVERSION = YES;
				CLANG_WARN_INFINITE_RECURSION = YES;
				CLANG_WARN_INT_CONVERSION = YES;
				CLANG_WARN_NON_LITERAL_NULL_CONVERSION = YES;
				CLANG_WARN_OBJC_IMPLICIT_RETAIN_SELF = YES;
				CLANG_WARN_OBJC_LITERAL_CONVERSION = YES;
				CLANG_WARN_OBJC_ROOT_CLASS = YES_ERROR;
				CLANG_WARN_QUOTED_INCLUDE_IN_FRAMEWORK_HEADER = YES;
				CLANG_WARN_RANGE_LOOP_ANALYSIS = YES;
				CLANG_WARN_STRICT_PROTOTYPES = YES;
				CLANG_WARN_SUSPICIOUS_MOVE = YES;
				CLANG_WARN_UNGUARDED_AVAILABILITY = YES_AGGRESSIVE;
				CLANG_WARN_UNREACHABLE_CODE = YES;
				CLANG_WARN__DUPLICATE_METHOD_MATCH = YES;
				COPY_PHASE_STRIP = NO;
				DEBUG_INFORMATION_FORMAT = "dwarf-with-dsym";
				ENABLE_NS_ASSERTIONS = NO;
				ENABLE_STRICT_OBJC_MSGSEND = YES;
				GCC_C_LANGUAGE_STANDARD = gnu11;
				GCC_NO_COMMON_BLOCKS = YES;
				GCC_WARN_64_TO_32_BIT_CONVERSION = YES;
				GCC_WARN_ABOUT_RETURN_TYPE = YES_ERROR;
				GCC_WARN_UNDECLARED_SELECTOR = YES;
				GCC_WARN_UNINITIALIZED_AUTOS = YES_AGGRESSIVE;
				GCC_WARN_UNUSED_FUNCTION = YES;
				GCC_WARN_UNUSED_VARIABLE = YES;
				IPHONEOS_DEPLOYMENT_TARGET = 16.4;
				MTL_ENABLE_DEBUG_INFO = NO;
				MTL_FAST_MATH = YES;
				SDKROOT = iphoneos;
				SWIFT_COMPILATION_MODE = wholemodule;
				SWIFT_OPTIMIZATION_LEVEL = "-O";
				VALIDATE_PRODUCT = YES;
			};
			name = Release;
		};
		04FD138629F8758D00022FE5 /* Debug */ = {
			isa = XCBuildConfiguration;
			buildSettings = {
				ASSETCATALOG_COMPILER_APPICON_NAME = AppIcon;
				ASSETCATALOG_COMPILER_GLOBAL_ACCENT_COLOR_NAME = AccentColor;
				CODE_SIGN_STYLE = Manual;
				CURRENT_PROJECT_VERSION = 1;
				DEVELOPMENT_ASSET_PATHS = "\"WorldOfPAYBACK/Preview Content\"";
				DEVELOPMENT_TEAM = "";
				ENABLE_PREVIEWS = YES;
				GENERATE_INFOPLIST_FILE = YES;
				INFOPLIST_FILE = WorldOfPAYBACK/Info.plist;
				INFOPLIST_KEY_UIApplicationSceneManifest_Generation = YES;
				INFOPLIST_KEY_UIApplicationSupportsIndirectInputEvents = YES;
				INFOPLIST_KEY_UILaunchScreen_Generation = YES;
				INFOPLIST_KEY_UISupportedInterfaceOrientations_iPad = "UIInterfaceOrientationPortrait UIInterfaceOrientationPortraitUpsideDown UIInterfaceOrientationLandscapeLeft UIInterfaceOrientationLandscapeRight";
				INFOPLIST_KEY_UISupportedInterfaceOrientations_iPhone = "UIInterfaceOrientationPortrait UIInterfaceOrientationLandscapeLeft UIInterfaceOrientationLandscapeRight";
				IPHONEOS_DEPLOYMENT_TARGET = 15.0;
				LD_RUNPATH_SEARCH_PATHS = (
					"$(inherited)",
					"@executable_path/Frameworks",
				);
				MARKETING_VERSION = 1.0;
				PRODUCT_BUNDLE_IDENTIFIER = com.gabe.WorldOfPAYBACK;
				PRODUCT_NAME = "$(TARGET_NAME)";
				PROVISIONING_PROFILE_SPECIFIER = "";
				SERVER_URL = "https://api-test.payback.com";
				SWIFT_EMIT_LOC_STRINGS = YES;
				SWIFT_VERSION = 5.0;
				TARGETED_DEVICE_FAMILY = "1,2";
			};
			name = Debug;
		};
		04FD138729F8758D00022FE5 /* Release */ = {
			isa = XCBuildConfiguration;
			buildSettings = {
				ASSETCATALOG_COMPILER_APPICON_NAME = "AppIcon-release";
				ASSETCATALOG_COMPILER_GLOBAL_ACCENT_COLOR_NAME = AccentColor;
				CODE_SIGN_STYLE = Automatic;
				CURRENT_PROJECT_VERSION = 1;
				DEVELOPMENT_ASSET_PATHS = "\"WorldOfPAYBACK/Preview Content\"";
				ENABLE_PREVIEWS = YES;
				GENERATE_INFOPLIST_FILE = YES;
				INFOPLIST_FILE = WorldOfPAYBACK/Info.plist;
				INFOPLIST_KEY_UIApplicationSceneManifest_Generation = YES;
				INFOPLIST_KEY_UIApplicationSupportsIndirectInputEvents = YES;
				INFOPLIST_KEY_UILaunchScreen_Generation = YES;
				INFOPLIST_KEY_UISupportedInterfaceOrientations_iPad = "UIInterfaceOrientationPortrait UIInterfaceOrientationPortraitUpsideDown UIInterfaceOrientationLandscapeLeft UIInterfaceOrientationLandscapeRight";
				INFOPLIST_KEY_UISupportedInterfaceOrientations_iPhone = "UIInterfaceOrientationPortrait UIInterfaceOrientationLandscapeLeft UIInterfaceOrientationLandscapeRight";
				IPHONEOS_DEPLOYMENT_TARGET = 15.0;
				LD_RUNPATH_SEARCH_PATHS = (
					"$(inherited)",
					"@executable_path/Frameworks",
				);
				MARKETING_VERSION = 1.0;
				PRODUCT_BUNDLE_IDENTIFIER = com.gabe.WorldOfPAYBACK.release;
				PRODUCT_NAME = "$(TARGET_NAME)";
				SERVER_URL = "https://api.payback.com";
				SWIFT_EMIT_LOC_STRINGS = YES;
				SWIFT_VERSION = 5.0;
				TARGETED_DEVICE_FAMILY = "1,2";
			};
			name = Release;
		};
		04FD138929F8758D00022FE5 /* Debug */ = {
			isa = XCBuildConfiguration;
			buildSettings = {
				ALWAYS_EMBED_SWIFT_STANDARD_LIBRARIES = YES;
				BUNDLE_LOADER = "$(TEST_HOST)";
				CODE_SIGN_STYLE = Automatic;
				CURRENT_PROJECT_VERSION = 1;
				GENERATE_INFOPLIST_FILE = YES;
				IPHONEOS_DEPLOYMENT_TARGET = 16.4;
				MARKETING_VERSION = 1.0;
				PRODUCT_BUNDLE_IDENTIFIER = com.gabe.WorldOfPAYBACKTests;
				PRODUCT_NAME = "$(TARGET_NAME)";
				SWIFT_EMIT_LOC_STRINGS = NO;
				SWIFT_VERSION = 5.0;
				TARGETED_DEVICE_FAMILY = "1,2";
				TEST_HOST = "$(BUILT_PRODUCTS_DIR)/WorldOfPAYBACK.app/$(BUNDLE_EXECUTABLE_FOLDER_PATH)/WorldOfPAYBACK";
			};
			name = Debug;
		};
		04FD138A29F8758D00022FE5 /* Release */ = {
			isa = XCBuildConfiguration;
			buildSettings = {
				ALWAYS_EMBED_SWIFT_STANDARD_LIBRARIES = YES;
				BUNDLE_LOADER = "$(TEST_HOST)";
				CODE_SIGN_STYLE = Automatic;
				CURRENT_PROJECT_VERSION = 1;
				GENERATE_INFOPLIST_FILE = YES;
				IPHONEOS_DEPLOYMENT_TARGET = 16.4;
				MARKETING_VERSION = 1.0;
				PRODUCT_BUNDLE_IDENTIFIER = com.gabe.WorldOfPAYBACKTests;
				PRODUCT_NAME = "$(TARGET_NAME)";
				SWIFT_EMIT_LOC_STRINGS = NO;
				SWIFT_VERSION = 5.0;
				TARGETED_DEVICE_FAMILY = "1,2";
				TEST_HOST = "$(BUILT_PRODUCTS_DIR)/WorldOfPAYBACK.app/$(BUNDLE_EXECUTABLE_FOLDER_PATH)/WorldOfPAYBACK";
			};
			name = Release;
		};
		04FD138C29F8758D00022FE5 /* Debug */ = {
			isa = XCBuildConfiguration;
			buildSettings = {
				ALWAYS_EMBED_SWIFT_STANDARD_LIBRARIES = YES;
				CODE_SIGN_STYLE = Automatic;
				CURRENT_PROJECT_VERSION = 1;
				GENERATE_INFOPLIST_FILE = YES;
				MARKETING_VERSION = 1.0;
				PRODUCT_BUNDLE_IDENTIFIER = com.gabe.WorldOfPAYBACKUITests;
				PRODUCT_NAME = "$(TARGET_NAME)";
				SWIFT_EMIT_LOC_STRINGS = NO;
				SWIFT_VERSION = 5.0;
				TARGETED_DEVICE_FAMILY = "1,2";
				TEST_TARGET_NAME = WorldOfPAYBACK;
			};
			name = Debug;
		};
		04FD138D29F8758D00022FE5 /* Release */ = {
			isa = XCBuildConfiguration;
			buildSettings = {
				ALWAYS_EMBED_SWIFT_STANDARD_LIBRARIES = YES;
				CODE_SIGN_STYLE = Automatic;
				CURRENT_PROJECT_VERSION = 1;
				GENERATE_INFOPLIST_FILE = YES;
				MARKETING_VERSION = 1.0;
				PRODUCT_BUNDLE_IDENTIFIER = com.gabe.WorldOfPAYBACKUITests;
				PRODUCT_NAME = "$(TARGET_NAME)";
				SWIFT_EMIT_LOC_STRINGS = NO;
				SWIFT_VERSION = 5.0;
				TARGETED_DEVICE_FAMILY = "1,2";
				TEST_TARGET_NAME = WorldOfPAYBACK;
			};
			name = Release;
		};
/* End XCBuildConfiguration section */

/* Begin XCConfigurationList section */
		04FD135C29F8758C00022FE5 /* Build configuration list for PBXProject "WorldOfPAYBACK" */ = {
			isa = XCConfigurationList;
			buildConfigurations = (
				04FD138329F8758D00022FE5 /* Debug */,
				0483051F29F93C8C00BC3356 /* Dev */,
				04FD138429F8758D00022FE5 /* Release */,
			);
			defaultConfigurationIsVisible = 0;
			defaultConfigurationName = Release;
		};
		04FD138529F8758D00022FE5 /* Build configuration list for PBXNativeTarget "WorldOfPAYBACK" */ = {
			isa = XCConfigurationList;
			buildConfigurations = (
				04FD138629F8758D00022FE5 /* Debug */,
				0483052029F93C8C00BC3356 /* Dev */,
				04FD138729F8758D00022FE5 /* Release */,
			);
			defaultConfigurationIsVisible = 0;
			defaultConfigurationName = Release;
		};
		04FD138829F8758D00022FE5 /* Build configuration list for PBXNativeTarget "WorldOfPAYBACKTests" */ = {
			isa = XCConfigurationList;
			buildConfigurations = (
				04FD138929F8758D00022FE5 /* Debug */,
				0483052129F93C8C00BC3356 /* Dev */,
				04FD138A29F8758D00022FE5 /* Release */,
			);
			defaultConfigurationIsVisible = 0;
			defaultConfigurationName = Release;
		};
		04FD138B29F8758D00022FE5 /* Build configuration list for PBXNativeTarget "WorldOfPAYBACKUITests" */ = {
			isa = XCConfigurationList;
			buildConfigurations = (
				04FD138C29F8758D00022FE5 /* Debug */,
				0483052229F93C8C00BC3356 /* Dev */,
				04FD138D29F8758D00022FE5 /* Release */,
			);
			defaultConfigurationIsVisible = 0;
			defaultConfigurationName = Release;
		};
/* End XCConfigurationList section */
	};
	rootObject = 04FD135929F8758C00022FE5 /* Project object */;
}
